
Microsoft Visual Studio Solution File, Format Version 12.00
# Visual Studio Version 17
VisualStudioVersion = 17.3.32929.385
MinimumVisualStudioVersion = 10.0.40219.1
Project("{FAE04EC0-301F-11D3-BF4B-00C04F79EFBC}") = "BulkyBookWeb", "BulkyBookWeb\BulkyBookWeb.csproj", "{DD7C203E-83DA-4751-93AD-21C520355CA4}"
EndProject
Global
	GlobalSection(SolutionConfigurationPlatforms) = preSolution
		Debug|Any CPU = Debug|Any CPU
		Release|Any CPU = Release|Any CPU
	EndGlobalSection
	GlobalSection(ProjectConfigurationPlatforms) = postSolution
		{DD7C203E-83DA-4751-93AD-21C520355CA4}.Debug|Any CPU.ActiveCfg = Debug|Any CPU
		{DD7C203E-83DA-4751-93AD-21C520355CA4}.Debug|Any CPU.Build.0 = Debug|Any CPU
		{DD7C203E-83DA-4751-93AD-21C520355CA4}.Release|Any CPU.ActiveCfg = Release|Any CPU
		{DD7C203E-83DA-4751-93AD-21C520355CA4}.Release|Any CPU.Build.0 = Release|Any CPU
	EndGlobalSection
	GlobalSection(SolutionProperties) = preSolution
		HideSolutionNode = FALSE
	EndGlobalSection
	GlobalSection(ExtensibilityGlobals) = postSolution
		SolutionGuid = {C31932C8-4FF5-4C1D-A982-32D4357E5C2D}
	EndGlobalSection
EndGlobal
